
Microsoft Visual Studio Solution File, Format Version 12.00
# Visual Studio Version 17
VisualStudioVersion = 17.0.31903.59
MinimumVisualStudioVersion = 10.0.40219.1
Project("{2150E333-8FDC-42A3-9474-1A3956D46DE8}") = "src", "src", "{E4F3DE69-A96E-4284-810A-6EA208464109}"
EndProject
Project("{2150E333-8FDC-42A3-9474-1A3956D46DE8}") = "Shared", "Shared", "{521E2059-A0EF-432B-A3BD-A5889F17EBE8}"
EndProject
Project("{2150E333-8FDC-42A3-9474-1A3956D46DE8}") = "MultiTenancy", "MultiTenancy", "{07BE0EC8-A483-4856-A76E-5F89694076B6}"
EndProject
Project("{FAE04EC0-301F-11D3-BF4B-00C04F79EFBC}") = "MultiTenancy", "src\Shared\MultiTenancy\MultiTenancy\MultiTenancy.csproj", "{2A99B634-5CD2-4C96-888B-B661B4F0CCBA}"
EndProject
Project("{2150E333-8FDC-42A3-9474-1A3956D46DE8}") = "AuthServer", "AuthServer", "{28394EBC-C86E-4D70-8F99-1845D27B21FC}"
EndProject
Project("{FAE04EC0-301F-11D3-BF4B-00C04F79EFBC}") = "AuthServer.Domain", "src\AuthServer\AuthServer.Domain\AuthServer.Domain.csproj", "{D3914C21-77DD-4D5E-AB06-42F08E3FFC35}"
EndProject
Project("{FAE04EC0-301F-11D3-BF4B-00C04F79EFBC}") = "AuthServer.Application", "src\AuthServer\AuthServer.Application\AuthServer.Application.csproj", "{641212F1-FBBA-43E8-B43F-23EE5A313B87}"
EndProject
Project("{FAE04EC0-301F-11D3-BF4B-00C04F79EFBC}") = "AuthServer.Infrastructure", "src\AuthServer\AuthServer.Infrastructure\AuthServer.Infrastructure.csproj", "{71D0CA6B-6442-4646-8ABD-CF01A08A69D5}"
EndProject
Project("{FAE04EC0-301F-11D3-BF4B-00C04F79EFBC}") = "AuthServer.API", "src\AuthServer\AuthServer.API\AuthServer.API.csproj", "{AE8FBB98-434F-4B99-996F-E516A51C9987}"
EndProject
Project("{2150E333-8FDC-42A3-9474-1A3956D46DE8}") = "TenantApi", "TenantApi", "{02ED89B2-37DE-44D5-BF3A-7EE29161875F}"
EndProject
Project("{FAE04EC0-301F-11D3-BF4B-00C04F79EFBC}") = "TenantApi.Domain", "src\TenantApi\TenantApi.Domain\TenantApi.Domain.csproj", "{A9C907E6-1577-44A1-AA2E-E0A923F24EEB}"
EndProject
Project("{FAE04EC0-301F-11D3-BF4B-00C04F79EFBC}") = "TenantApi.Application", "src\TenantApi\TenantApi.Application\TenantApi.Application.csproj", "{78E94677-C643-46FF-9F71-04AC3AC9C32B}"
EndProject
Project("{FAE04EC0-301F-11D3-BF4B-00C04F79EFBC}") = "TenantApi.Infrastructure", "src\TenantApi\TenantApi.Infrastructure\TenantApi.Infrastructure.csproj", "{536F99C7-59C6-46F0-BE76-6515CC5C348B}"
EndProject
Project("{FAE04EC0-301F-11D3-BF4B-00C04F79EFBC}") = "TenantApi.API", "src\TenantApi\TenantApi.API\TenantApi.API.csproj", "{DF6C22A5-DFD1-456C-90F7-3A51261A5EEB}"
EndProject
Project("{2150E333-8FDC-42A3-9474-1A3956D46DE8}") = "tests", "tests", "{6F511037-CF54-4A4E-A1A6-94365B7E33A8}"
EndProject
Project("{FAE04EC0-301F-11D3-BF4B-00C04F79EFBC}") = "AuthServer.UnitTests", "tests\AuthServer.UnitTests\AuthServer.UnitTests.csproj", "{99F245C0-C8F5-4A87-A77C-0FABB00EFB30}"
EndProject
Project("{FAE04EC0-301F-11D3-BF4B-00C04F79EFBC}") = "AuthServer.IntegrationTests", "tests\AuthServer.IntegrationTests\AuthServer.IntegrationTests.csproj", "{0D6C3F56-1FB5-4FA6-94BC-11FF2CF36AFE}"
EndProject
Project("{FAE04EC0-301F-11D3-BF4B-00C04F79EFBC}") = "TenantApi.UnitTests", "tests\TenantApi.UnitTests\TenantApi.UnitTests.csproj", "{1B4EB096-9CAD-4C59-BACD-4C9632BE8301}"
EndProject
Project("{FAE04EC0-301F-11D3-BF4B-00C04F79EFBC}") = "TenantApi.IntegrationTests", "tests\TenantApi.IntegrationTests\TenantApi.IntegrationTests.csproj", "{993F2E2C-934B-4F0E-9E83-6039D2CE75F1}"
EndProject
Project("{FAE04EC0-301F-11D3-BF4B-00C04F79EFBC}") = "MultiTenancy.Tests", "tests\MultiTenancy.Tests\MultiTenancy.Tests.csproj", "{4C9A8D41-07FF-49CB-8463-5AE2315AB3AC}"
EndProject
Global
	GlobalSection(SolutionConfigurationPlatforms) = preSolution
		Debug|Any CPU = Debug|Any CPU
		Release|Any CPU = Release|Any CPU
	EndGlobalSection
	GlobalSection(SolutionProperties) = preSolution
		HideSolutionNode = FALSE
	EndGlobalSection
	GlobalSection(ProjectConfigurationPlatforms) = postSolution
		{2A99B634-5CD2-4C96-888B-B661B4F0CCBA}.Debug|Any CPU.ActiveCfg = Debug|Any CPU
		{2A99B634-5CD2-4C96-888B-B661B4F0CCBA}.Debug|Any CPU.Build.0 = Debug|Any CPU
		{2A99B634-5CD2-4C96-888B-B661B4F0CCBA}.Release|Any CPU.ActiveCfg = Release|Any CPU
		{2A99B634-5CD2-4C96-888B-B661B4F0CCBA}.Release|Any CPU.Build.0 = Release|Any CPU
		{D3914C21-77DD-4D5E-AB06-42F08E3FFC35}.Debug|Any CPU.ActiveCfg = Debug|Any CPU
		{D3914C21-77DD-4D5E-AB06-42F08E3FFC35}.Debug|Any CPU.Build.0 = Debug|Any CPU
		{D3914C21-77DD-4D5E-AB06-42F08E3FFC35}.Release|Any CPU.ActiveCfg = Release|Any CPU
		{D3914C21-77DD-4D5E-AB06-42F08E3FFC35}.Release|Any CPU.Build.0 = Release|Any CPU
		{641212F1-FBBA-43E8-B43F-23EE5A313B87}.Debug|Any CPU.ActiveCfg = Debug|Any CPU
		{641212F1-FBBA-43E8-B43F-23EE5A313B87}.Debug|Any CPU.Build.0 = Debug|Any CPU
		{641212F1-FBBA-43E8-B43F-23EE5A313B87}.Release|Any CPU.ActiveCfg = Release|Any CPU
		{641212F1-FBBA-43E8-B43F-23EE5A313B87}.Release|Any CPU.Build.0 = Release|Any CPU
		{71D0CA6B-6442-4646-8ABD-CF01A08A69D5}.Debug|Any CPU.ActiveCfg = Debug|Any CPU
		{71D0CA6B-6442-4646-8ABD-CF01A08A69D5}.Debug|Any CPU.Build.0 = Debug|Any CPU
		{71D0CA6B-6442-4646-8ABD-CF01A08A69D5}.Release|Any CPU.ActiveCfg = Release|Any CPU
		{71D0CA6B-6442-4646-8ABD-CF01A08A69D5}.Release|Any CPU.Build.0 = Release|Any CPU
		{AE8FBB98-434F-4B99-996F-E516A51C9987}.Debug|Any CPU.ActiveCfg = Debug|Any CPU
		{AE8FBB98-434F-4B99-996F-E516A51C9987}.Debug|Any CPU.Build.0 = Debug|Any CPU
		{AE8FBB98-434F-4B99-996F-E516A51C9987}.Release|Any CPU.ActiveCfg = Release|Any CPU
		{AE8FBB98-434F-4B99-996F-E516A51C9987}.Release|Any CPU.Build.0 = Release|Any CPU
		{A9C907E6-1577-44A1-AA2E-E0A923F24EEB}.Debug|Any CPU.ActiveCfg = Debug|Any CPU
		{A9C907E6-1577-44A1-AA2E-E0A923F24EEB}.Debug|Any CPU.Build.0 = Debug|Any CPU
		{A9C907E6-1577-44A1-AA2E-E0A923F24EEB}.Release|Any CPU.ActiveCfg = Release|Any CPU
		{A9C907E6-1577-44A1-AA2E-E0A923F24EEB}.Release|Any CPU.Build.0 = Release|Any CPU
		{78E94677-C643-46FF-9F71-04AC3AC9C32B}.Debug|Any CPU.ActiveCfg = Debug|Any CPU
		{78E94677-C643-46FF-9F71-04AC3AC9C32B}.Debug|Any CPU.Build.0 = Debug|Any CPU
		{78E94677-C643-46FF-9F71-04AC3AC9C32B}.Release|Any CPU.ActiveCfg = Release|Any CPU
		{78E94677-C643-46FF-9F71-04AC3AC9C32B}.Release|Any CPU.Build.0 = Release|Any CPU
		{536F99C7-59C6-46F0-BE76-6515CC5C348B}.Debug|Any CPU.ActiveCfg = Debug|Any CPU
		{536F99C7-59C6-46F0-BE76-6515CC5C348B}.Debug|Any CPU.Build.0 = Debug|Any CPU
		{536F99C7-59C6-46F0-BE76-6515CC5C348B}.Release|Any CPU.ActiveCfg = Release|Any CPU
		{536F99C7-59C6-46F0-BE76-6515CC5C348B}.Release|Any CPU.Build.0 = Release|Any CPU
		{DF6C22A5-DFD1-456C-90F7-3A51261A5EEB}.Debug|Any CPU.ActiveCfg = Debug|Any CPU
		{DF6C22A5-DFD1-456C-90F7-3A51261A5EEB}.Debug|Any CPU.Build.0 = Debug|Any CPU
		{DF6C22A5-DFD1-456C-90F7-3A51261A5EEB}.Release|Any CPU.ActiveCfg = Release|Any CPU
		{DF6C22A5-DFD1-456C-90F7-3A51261A5EEB}.Release|Any CPU.Build.0 = Release|Any CPU
		{99F245C0-C8F5-4A87-A77C-0FABB00EFB30}.Debug|Any CPU.ActiveCfg = Debug|Any CPU
		{99F245C0-C8F5-4A87-A77C-0FABB00EFB30}.Debug|Any CPU.Build.0 = Debug|Any CPU
		{99F245C0-C8F5-4A87-A77C-0FABB00EFB30}.Release|Any CPU.ActiveCfg = Release|Any CPU
		{99F245C0-C8F5-4A87-A77C-0FABB00EFB30}.Release|Any CPU.Build.0 = Release|Any CPU
		{0D6C3F56-1FB5-4FA6-94BC-11FF2CF36AFE}.Debug|Any CPU.ActiveCfg = Debug|Any CPU
		{0D6C3F56-1FB5-4FA6-94BC-11FF2CF36AFE}.Debug|Any CPU.Build.0 = Debug|Any CPU
		{0D6C3F56-1FB5-4FA6-94BC-11FF2CF36AFE}.Release|Any CPU.ActiveCfg = Release|Any CPU
		{0D6C3F56-1FB5-4FA6-94BC-11FF2CF36AFE}.Release|Any CPU.Build.0 = Release|Any CPU
		{1B4EB096-9CAD-4C59-BACD-4C9632BE8301}.Debug|Any CPU.ActiveCfg = Debug|Any CPU
		{1B4EB096-9CAD-4C59-BACD-4C9632BE8301}.Debug|Any CPU.Build.0 = Debug|Any CPU
		{1B4EB096-9CAD-4C59-BACD-4C9632BE8301}.Release|Any CPU.ActiveCfg = Release|Any CPU
		{1B4EB096-9CAD-4C59-BACD-4C9632BE8301}.Release|Any CPU.Build.0 = Release|Any CPU
		{993F2E2C-934B-4F0E-9E83-6039D2CE75F1}.Debug|Any CPU.ActiveCfg = Debug|Any CPU
		{993F2E2C-934B-4F0E-9E83-6039D2CE75F1}.Debug|Any CPU.Build.0 = Debug|Any CPU
		{993F2E2C-934B-4F0E-9E83-6039D2CE75F1}.Release|Any CPU.ActiveCfg = Release|Any CPU
		{993F2E2C-934B-4F0E-9E83-6039D2CE75F1}.Release|Any CPU.Build.0 = Release|Any CPU
		{4C9A8D41-07FF-49CB-8463-5AE2315AB3AC}.Debug|Any CPU.ActiveCfg = Debug|Any CPU
		{4C9A8D41-07FF-49CB-8463-5AE2315AB3AC}.Debug|Any CPU.Build.0 = Debug|Any CPU
		{4C9A8D41-07FF-49CB-8463-5AE2315AB3AC}.Release|Any CPU.ActiveCfg = Release|Any CPU
		{4C9A8D41-07FF-49CB-8463-5AE2315AB3AC}.Release|Any CPU.Build.0 = Release|Any CPU
	EndGlobalSection
	GlobalSection(NestedProjects) = preSolution
		{521E2059-A0EF-432B-A3BD-A5889F17EBE8} = {E4F3DE69-A96E-4284-810A-6EA208464109}
		{07BE0EC8-A483-4856-A76E-5F89694076B6} = {521E2059-A0EF-432B-A3BD-A5889F17EBE8}
		{2A99B634-5CD2-4C96-888B-B661B4F0CCBA} = {07BE0EC8-A483-4856-A76E-5F89694076B6}
		{28394EBC-C86E-4D70-8F99-1845D27B21FC} = {E4F3DE69-A96E-4284-810A-6EA208464109}
		{D3914C21-77DD-4D5E-AB06-42F08E3FFC35} = {28394EBC-C86E-4D70-8F99-1845D27B21FC}
		{641212F1-FBBA-43E8-B43F-23EE5A313B87} = {28394EBC-C86E-4D70-8F99-1845D27B21FC}
		{71D0CA6B-6442-4646-8ABD-CF01A08A69D5} = {28394EBC-C86E-4D70-8F99-1845D27B21FC}
		{AE8FBB98-434F-4B99-996F-E516A51C9987} = {28394EBC-C86E-4D70-8F99-1845D27B21FC}
		{02ED89B2-37DE-44D5-BF3A-7EE29161875F} = {E4F3DE69-A96E-4284-810A-6EA208464109}
		{A9C907E6-1577-44A1-AA2E-E0A923F24EEB} = {02ED89B2-37DE-44D5-BF3A-7EE29161875F}
		{78E94677-C643-46FF-9F71-04AC3AC9C32B} = {02ED89B2-37DE-44D5-BF3A-7EE29161875F}
		{536F99C7-59C6-46F0-BE76-6515CC5C348B} = {02ED89B2-37DE-44D5-BF3A-7EE29161875F}
		{DF6C22A5-DFD1-456C-90F7-3A51261A5EEB} = {02ED89B2-37DE-44D5-BF3A-7EE29161875F}
		{99F245C0-C8F5-4A87-A77C-0FABB00EFB30} = {6F511037-CF54-4A4E-A1A6-94365B7E33A8}
		{0D6C3F56-1FB5-4FA6-94BC-11FF2CF36AFE} = {6F511037-CF54-4A4E-A1A6-94365B7E33A8}
		{1B4EB096-9CAD-4C59-BACD-4C9632BE8301} = {6F511037-CF54-4A4E-A1A6-94365B7E33A8}
		{993F2E2C-934B-4F0E-9E83-6039D2CE75F1} = {6F511037-CF54-4A4E-A1A6-94365B7E33A8}
		{4C9A8D41-07FF-49CB-8463-5AE2315AB3AC} = {6F511037-CF54-4A4E-A1A6-94365B7E33A8}
	EndGlobalSection
EndGlobal
